
Microsoft Visual Studio Solution File, Format Version 12.00
# Visual Studio Version 16
VisualStudioVersion = 16.0.31321.278
MinimumVisualStudioVersion = 10.0.40219.1
Project("{F2A71F9B-5D33-465A-A702-920D77279786}") = "ProjectEuler", "ProjectEuler.fsproj", "{8A707EB9-E77E-45AD-9FDF-A96E30080FF2}"
EndProject
Global
	GlobalSection(SolutionConfigurationPlatforms) = preSolution
		Debug|Any CPU = Debug|Any CPU
		Release|Any CPU = Release|Any CPU
	EndGlobalSection
	GlobalSection(ProjectConfigurationPlatforms) = postSolution
		{8A707EB9-E77E-45AD-9FDF-A96E30080FF2}.Debug|Any CPU.ActiveCfg = Debug|Any CPU
		{8A707EB9-E77E-45AD-9FDF-A96E30080FF2}.Debug|Any CPU.Build.0 = Debug|Any CPU
		{8A707EB9-E77E-45AD-9FDF-A96E30080FF2}.Release|Any CPU.ActiveCfg = Release|Any CPU
		{8A707EB9-E77E-45AD-9FDF-A96E30080FF2}.Release|Any CPU.Build.0 = Release|Any CPU
	EndGlobalSection
	GlobalSection(SolutionProperties) = preSolution
		HideSolutionNode = FALSE
	EndGlobalSection
	GlobalSection(ExtensibilityGlobals) = postSolution
		SolutionGuid = {F045D9B2-2A6D-4A18-96B0-9A112BE244A8}
	EndGlobalSection
EndGlobal
